<?xml version="1.0" encoding="utf-8"?>
<Project ToolsVersion="17.0" xmlns="http://schemas.microsoft.com/developer/msbuild/2003">
  <ItemGroup>
    <ClCompile Include="C:\Users\Connor\source\repos\WebSocketChatApp\Client\main.cpp">
      <Filter>Source Files</Filter>
    </ClCompile>
    <ClCompile Include="C:\Users\Connor\source\repos\WebSocketChatApp\Client\client.cpp">
      <Filter>Source Files</Filter>
    </ClCompile>
  </ItemGroup>
  <ItemGroup>
    <CustomBuild Include="C:\Users\Connor\source\repos\WebSocketChatApp\Client\CMakeLists.txt" />
  </ItemGroup>
  <ItemGroup>
    <Filter Include="Source Files">
      <UniqueIdentifier>{F5B1A7A4-71B7-33B1-A1C1-B5B6BB800D02}</UniqueIdentifier>
    </Filter>
  </ItemGroup>
</Project>
