<?xml version="1.0" encoding="utf-8"?>
<Project ToolsVersion="17.0" xmlns="http://schemas.microsoft.com/developer/msbuild/2003">
  <ItemGroup>
    <CustomBuild Include="C:\Users\Connor\source\repos\WebSocketChatApp\Client\CMakeFiles\2089d84a4f1b0d2ac7df1186ae6a164e\generate.stamp.rule">
      <Filter>CMake Rules</Filter>
    </CustomBuild>
  </ItemGroup>
  <ItemGroup>
    <Filter Include="CMake Rules">
      <UniqueIdentifier>{33BB8899-704A-3610-96A9-A0D03B904031}</UniqueIdentifier>
    </Filter>
  </ItemGroup>
</Project>
